
Microsoft Visual Studio Solution File, Format Version 12.00
# Visual Studio Version 17
VisualStudioVersion = 17.11.35312.102
MinimumVisualStudioVersion = 10.0.40219.1
Project("{FAE04EC0-301F-11D3-BF4B-00C04F79EFBC}") = "Infraestructure", "src\Infraestructure\Infraestructure.csproj", "{3456C63D-7F45-4A5E-8BFE-1805B46C3E68}"
	ProjectSection(ProjectDependencies) = postProject
		{A6C678F6-D849-41FE-A056-18B593DE526F} = {A6C678F6-D849-41FE-A056-18B593DE526F}
	EndProjectSection
EndProject
Project("{FAE04EC0-301F-11D3-BF4B-00C04F79EFBC}") = "Application", "src\Application\Application.csproj", "{A6C678F6-D849-41FE-A056-18B593DE526F}"
	ProjectSection(ProjectDependencies) = postProject
		{87EDA1D2-4B5B-E524-38CE-D0BFCA5F4D6B} = {87EDA1D2-4B5B-E524-38CE-D0BFCA5F4D6B}
	EndProjectSection
EndProject
Project("{FAE04EC0-301F-11D3-BF4B-00C04F79EFBC}") = "Domain", "src\Domain\Domain.csproj", "{87EDA1D2-4B5B-E524-38CE-D0BFCA5F4D6B}"
EndProject
Project("{FAE04EC0-301F-11D3-BF4B-00C04F79EFBC}") = "ApprovalManagerConsole", "src\Console\ApprovalManagerConsole.csproj", "{EDFD42D3-7887-E7BE-A9F2-42B57AEEEFDD}"
	ProjectSection(ProjectDependencies) = postProject
		{3456C63D-7F45-4A5E-8BFE-1805B46C3E68} = {3456C63D-7F45-4A5E-8BFE-1805B46C3E68}
		{87EDA1D2-4B5B-E524-38CE-D0BFCA5F4D6B} = {87EDA1D2-4B5B-E524-38CE-D0BFCA5F4D6B}
		{A6C678F6-D849-41FE-A056-18B593DE526F} = {A6C678F6-D849-41FE-A056-18B593DE526F}
	EndProjectSection
EndProject
Global
	GlobalSection(SolutionConfigurationPlatforms) = preSolution
		Debug|Any CPU = Debug|Any CPU
		Release|Any CPU = Release|Any CPU
	EndGlobalSection
	GlobalSection(ProjectConfigurationPlatforms) = postSolution
		{3456C63D-7F45-4A5E-8BFE-1805B46C3E68}.Debug|Any CPU.ActiveCfg = Debug|Any CPU
		{3456C63D-7F45-4A5E-8BFE-1805B46C3E68}.Debug|Any CPU.Build.0 = Debug|Any CPU
		{3456C63D-7F45-4A5E-8BFE-1805B46C3E68}.Release|Any CPU.ActiveCfg = Release|Any CPU
		{3456C63D-7F45-4A5E-8BFE-1805B46C3E68}.Release|Any CPU.Build.0 = Release|Any CPU
		{A6C678F6-D849-41FE-A056-18B593DE526F}.Debug|Any CPU.ActiveCfg = Debug|Any CPU
		{A6C678F6-D849-41FE-A056-18B593DE526F}.Debug|Any CPU.Build.0 = Debug|Any CPU
		{A6C678F6-D849-41FE-A056-18B593DE526F}.Release|Any CPU.ActiveCfg = Release|Any CPU
		{A6C678F6-D849-41FE-A056-18B593DE526F}.Release|Any CPU.Build.0 = Release|Any CPU
		{87EDA1D2-4B5B-E524-38CE-D0BFCA5F4D6B}.Debug|Any CPU.ActiveCfg = Debug|Any CPU
		{87EDA1D2-4B5B-E524-38CE-D0BFCA5F4D6B}.Debug|Any CPU.Build.0 = Debug|Any CPU
		{87EDA1D2-4B5B-E524-38CE-D0BFCA5F4D6B}.Release|Any CPU.ActiveCfg = Release|Any CPU
		{87EDA1D2-4B5B-E524-38CE-D0BFCA5F4D6B}.Release|Any CPU.Build.0 = Release|Any CPU
		{EDFD42D3-7887-E7BE-A9F2-42B57AEEEFDD}.Debug|Any CPU.ActiveCfg = Debug|Any CPU
		{EDFD42D3-7887-E7BE-A9F2-42B57AEEEFDD}.Debug|Any CPU.Build.0 = Debug|Any CPU
		{EDFD42D3-7887-E7BE-A9F2-42B57AEEEFDD}.Release|Any CPU.ActiveCfg = Release|Any CPU
		{EDFD42D3-7887-E7BE-A9F2-42B57AEEEFDD}.Release|Any CPU.Build.0 = Release|Any CPU
	EndGlobalSection
	GlobalSection(SolutionProperties) = preSolution
		HideSolutionNode = FALSE
	EndGlobalSection
	GlobalSection(ExtensibilityGlobals) = postSolution
		SolutionGuid = {2D5B473C-9FC1-4D19-AFD0-F2392BBF23D6}
	EndGlobalSection
EndGlobal
